// !$*UTF8*$!
{
	archiveVersion = 1;
	classes = {
	};
	objectVersion = 46;
	objects = {

/* Begin PBXBuildFile section */
		A742FF04199D82FD0053B2EE /* AppDelegate.swift in Sources */ = {isa = PBXBuildFile; fileRef = A742FF03199D82FD0053B2EE /* AppDelegate.swift */; };
		A742FF07199D82FD0053B2EE /* ChuckNorris.xcdatamodeld in Sources */ = {isa = PBXBuildFile; fileRef = A742FF05199D82FD0053B2EE /* ChuckNorris.xcdatamodeld */; };
		A742FF09199D82FD0053B2EE /* ViewController.swift in Sources */ = {isa = PBXBuildFile; fileRef = A742FF08199D82FD0053B2EE /* ViewController.swift */; };
		A742FF0C199D82FD0053B2EE /* Main.storyboard in Resources */ = {isa = PBXBuildFile; fileRef = A742FF0A199D82FD0053B2EE /* Main.storyboard */; };
		A742FF0E199D82FD0053B2EE /* Images.xcassets in Resources */ = {isa = PBXBuildFile; fileRef = A742FF0D199D82FD0053B2EE /* Images.xcassets */; };
		A742FF1A199D82FD0053B2EE /* ChuckNorrisTests.swift in Sources */ = {isa = PBXBuildFile; fileRef = A742FF19199D82FD0053B2EE /* ChuckNorrisTests.swift */; };
/* End PBXBuildFile section */

/* Begin PBXContainerItemProxy section */
		A742FF14199D82FD0053B2EE /* PBXContainerItemProxy */ = {
			isa = PBXContainerItemProxy;
			containerPortal = A742FEF6199D82FD0053B2EE /* Project object */;
			proxyType = 1;
			remoteGlobalIDString = A742FEFD199D82FD0053B2EE;
			remoteInfo = ChuckNorris;
		};
/* End PBXContainerItemProxy section */

/* Begin PBXFileReference section */
		A742FEFE199D82FD0053B2EE /* ChuckNorris.app */ = {isa = PBXFileReference; explicitFileType = wrapper.application; includeInIndex = 0; path = ChuckNorris.app; sourceTree = BUILT_PRODUCTS_DIR; };
		A742FF02199D82FD0053B2EE /* Info.plist */ = {isa = PBXFileReference; lastKnownFileType = text.plist.xml; path = Info.plist; sourceTree = "<group>"; };
		A742FF03199D82FD0053B2EE /* AppDelegate.swift */ = {isa = PBXFileReference; lastKnownFileType = sourcecode.swift; path = AppDelegate.swift; sourceTree = "<group>"; };
		A742FF06199D82FD0053B2EE /* ChuckNorris.xcdatamodel */ = {isa = PBXFileReference; lastKnownFileType = wrapper.xcdatamodel; path = ChuckNorris.xcdatamodel; sourceTree = "<group>"; };
		A742FF08199D82FD0053B2EE /* ViewController.swift */ = {isa = PBXFileReference; lastKnownFileType = sourcecode.swift; path = ViewController.swift; sourceTree = "<group>"; };
		A742FF0B199D82FD0053B2EE /* Base */ = {isa = PBXFileReference; lastKnownFileType = file.storyboard; name = Base; path = Base.lproj/Main.storyboard; sourceTree = "<group>"; };
		A742FF0D199D82FD0053B2EE /* Images.xcassets */ = {isa = PBXFileReference; lastKnownFileType = folder.assetcatalog; path = Images.xcassets; sourceTree = "<group>"; };
		A742FF13199D82FD0053B2EE /* ChuckNorrisTests.xctest */ = {isa = PBXFileReference; explicitFileType = wrapper.cfbundle; includeInIndex = 0; path = ChuckNorrisTests.xctest; sourceTree = BUILT_PRODUCTS_DIR; };
		A742FF18199D82FD0053B2EE /* Info.plist */ = {isa = PBXFileReference; lastKnownFileType = text.plist.xml; path = Info.plist; sourceTree = "<group>"; };
		A742FF19199D82FD0053B2EE /* ChuckNorrisTests.swift */ = {isa = PBXFileReference; lastKnownFileType = sourcecode.swift; path = ChuckNorrisTests.swift; sourceTree = "<group>"; };
/* End PBXFileReference section */

/* Begin PBXFrameworksBuildPhase section */
		A742FEFB199D82FD0053B2EE /* Frameworks */ = {
			isa = PBXFrameworksBuildPhase;
			buildActionMask = 2147483647;
			files = (
			);
			runOnlyForDeploymentPostprocessing = 0;
		};
		A742FF10199D82FD0053B2EE /* Frameworks */ = {
			isa = PBXFrameworksBuildPhase;
			buildActionMask = 2147483647;
			files = (
			);
			runOnlyForDeploymentPostprocessing = 0;
		};
/* End PBXFrameworksBuildPhase section */

/* Begin PBXGroup section */
		A742FEF5199D82FD0053B2EE = {
			isa = PBXGroup;
			children = (
				A742FF00199D82FD0053B2EE /* ChuckNorris */,
				A742FF16199D82FD0053B2EE /* ChuckNorrisTests */,
				A742FEFF199D82FD0053B2EE /* Products */,
			);
			sourceTree = "<group>";
		};
		A742FEFF199D82FD0053B2EE /* Products */ = {
			isa = PBXGroup;
			children = (
				A742FEFE199D82FD0053B2EE /* ChuckNorris.app */,
				A742FF13199D82FD0053B2EE /* ChuckNorrisTests.xctest */,
			);
			name = Products;
			sourceTree = "<group>";
		};
		A742FF00199D82FD0053B2EE /* ChuckNorris */ = {
			isa = PBXGroup;
			children = (
				A742FF03199D82FD0053B2EE /* AppDelegate.swift */,
				A742FF08199D82FD0053B2EE /* ViewController.swift */,
				A742FF0A199D82FD0053B2EE /* Main.storyboard */,
				A742FF0D199D82FD0053B2EE /* Images.xcassets */,
				A742FF05199D82FD0053B2EE /* ChuckNorris.xcdatamodeld */,
				A742FF01199D82FD0053B2EE /* Supporting Files */,
			);
			path = ChuckNorris;
			sourceTree = "<group>";
		};
		A742FF01199D82FD0053B2EE /* Supporting Files */ = {
			isa = PBXGroup;
			children = (
				A742FF02199D82FD0053B2EE /* Info.plist */,
			);
			name = "Supporting Files";
			sourceTree = "<group>";
		};
		A742FF16199D82FD0053B2EE /* ChuckNorrisTests */ = {
			isa = PBXGroup;
			children = (
				A742FF19199D82FD0053B2EE /* ChuckNorrisTests.swift */,
				A742FF17199D82FD0053B2EE /* Supporting Files */,
			);
			path = ChuckNorrisTests;
			sourceTree = "<group>";
		};
		A742FF17199D82FD0053B2EE /* Supporting Files */ = {
			isa = PBXGroup;
			children = (
				A742FF18199D82FD0053B2EE /* Info.plist */,
			);
			name = "Supporting Files";
			sourceTree = "<group>";
		};
/* End PBXGroup section */

/* Begin PBXNativeTarget section */
		A742FEFD199D82FD0053B2EE /* ChuckNorris */ = {
			isa = PBXNativeTarget;
			buildConfigurationList = A742FF1D199D82FD0053B2EE /* Build configuration list for PBXNativeTarget "ChuckNorris" */;
			buildPhases = (
				A742FEFA199D82FD0053B2EE /* Sources */,
				A742FEFB199D82FD0053B2EE /* Frameworks */,
				A742FEFC199D82FD0053B2EE /* Resources */,
			);
			buildRules = (
			);
			dependencies = (
			);
			name = ChuckNorris;
			productName = ChuckNorris;
			productReference = A742FEFE199D82FD0053B2EE /* ChuckNorris.app */;
			productType = "com.apple.product-type.application";
		};
		A742FF12199D82FD0053B2EE /* ChuckNorrisTests */ = {
			isa = PBXNativeTarget;
			buildConfigurationList = A742FF20199D82FD0053B2EE /* Build configuration list for PBXNativeTarget "ChuckNorrisTests" */;
			buildPhases = (
				A742FF0F199D82FD0053B2EE /* Sources */,
				A742FF10199D82FD0053B2EE /* Frameworks */,
				A742FF11199D82FD0053B2EE /* Resources */,
			);
			buildRules = (
			);
			dependencies = (
				A742FF15199D82FD0053B2EE /* PBXTargetDependency */,
			);
			name = ChuckNorrisTests;
			productName = ChuckNorrisTests;
			productReference = A742FF13199D82FD0053B2EE /* ChuckNorrisTests.xctest */;
			productType = "com.apple.product-type.bundle.unit-test";
		};
/* End PBXNativeTarget section */

/* Begin PBXProject section */
		A742FEF6199D82FD0053B2EE /* Project object */ = {
			isa = PBXProject;
			attributes = {
				LastUpgradeCheck = 0600;
				ORGANIZATIONNAME = "Christopher Rittersdorf";
				TargetAttributes = {
					A742FEFD199D82FD0053B2EE = {
						CreatedOnToolsVersion = 6.0;
					};
					A742FF12199D82FD0053B2EE = {
						CreatedOnToolsVersion = 6.0;
						TestTargetID = A742FEFD199D82FD0053B2EE;
					};
				};
			};
			buildConfigurationList = A742FEF9199D82FD0053B2EE /* Build configuration list for PBXProject "ChuckNorris" */;
			compatibilityVersion = "Xcode 3.2";
			developmentRegion = English;
			hasScannedForEncodings = 0;
			knownRegions = (
				en,
				Base,
			);
			mainGroup = A742FEF5199D82FD0053B2EE;
			productRefGroup = A742FEFF199D82FD0053B2EE /* Products */;
			projectDirPath = "";
			projectRoot = "";
			targets = (
				A742FEFD199D82FD0053B2EE /* ChuckNorris */,
				A742FF12199D82FD0053B2EE /* ChuckNorrisTests */,
			);
		};
/* End PBXProject section */

/* Begin PBXResourcesBuildPhase section */
		A742FEFC199D82FD0053B2EE /* Resources */ = {
			isa = PBXResourcesBuildPhase;
			buildActionMask = 2147483647;
			files = (
				A742FF0C199D82FD0053B2EE /* Main.storyboard in Resources */,
				A742FF0E199D82FD0053B2EE /* Images.xcassets in Resources */,
			);
			runOnlyForDeploymentPostprocessing = 0;
		};
		A742FF11199D82FD0053B2EE /* Resources */ = {
			isa = PBXResourcesBuildPhase;
			buildActionMask = 2147483647;
			files = (
			);
			runOnlyForDeploymentPostprocessing = 0;
		};
/* End PBXResourcesBuildPhase section */

/* Begin PBXSourcesBuildPhase section */
		A742FEFA199D82FD0053B2EE /* Sources */ = {
			isa = PBXSourcesBuildPhase;
			buildActionMask = 2147483647;
			files = (
				A742FF09199D82FD0053B2EE /* ViewController.swift in Sources */,
				A742FF04199D82FD0053B2EE /* AppDelegate.swift in Sources */,
				A742FF07199D82FD0053B2EE /* ChuckNorris.xcdatamodeld in Sources */,
			);
			runOnlyForDeploymentPostprocessing = 0;
		};
		A742FF0F199D82FD0053B2EE /* Sources */ = {
			isa = PBXSourcesBuildPhase;
			buildActionMask = 2147483647;
			files = (
				A742FF1A199D82FD0053B2EE /* ChuckNorrisTests.swift in Sources */,
			);
			runOnlyForDeploymentPostprocessing = 0;
		};
/* End PBXSourcesBuildPhase section */

/* Begin PBXTargetDependency section */
		A742FF15199D82FD0053B2EE /* PBXTargetDependency */ = {
			isa = PBXTargetDependency;
			target = A742FEFD199D82FD0053B2EE /* ChuckNorris */;
			targetProxy = A742FF14199D82FD0053B2EE /* PBXContainerItemProxy */;
		};
/* End PBXTargetDependency section */

/* Begin PBXVariantGroup section */
		A742FF0A199D82FD0053B2EE /* Main.storyboard */ = {
			isa = PBXVariantGroup;
			children = (
				A742FF0B199D82FD0053B2EE /* Base */,
			);
			name = Main.storyboard;
			sourceTree = "<group>";
		};
/* End PBXVariantGroup section */

/* Begin XCBuildConfiguration section */
		A742FF1B199D82FD0053B2EE /* Debug */ = {
			isa = XCBuildConfiguration;
			buildSettings = {
				ALWAYS_SEARCH_USER_PATHS = NO;
				CLANG_CXX_LANGUAGE_STANDARD = "gnu++0x";
				CLANG_CXX_LIBRARY = "libc++";
				CLANG_ENABLE_MODULES = YES;
				CLANG_ENABLE_OBJC_ARC = YES;
				CLANG_WARN_BOOL_CONVERSION = YES;
				CLANG_WARN_CONSTANT_CONVERSION = YES;
				CLANG_WARN_DIRECT_OBJC_ISA_USAGE = YES_ERROR;
				CLANG_WARN_EMPTY_BODY = YES;
				CLANG_WARN_ENUM_CONVERSION = YES;
				CLANG_WARN_INT_CONVERSION = YES;
				CLANG_WARN_OBJC_ROOT_CLASS = YES_ERROR;
				CLANG_WARN_UNREACHABLE_CODE = YES;
				CLANG_WARN__DUPLICATE_METHOD_MATCH = YES;
				"CODE_SIGN_IDENTITY[sdk=iphoneos*]" = "iPhone Developer";
				COPY_PHASE_STRIP = NO;
				ENABLE_STRICT_OBJC_MSGSEND = YES;
				GCC_C_LANGUAGE_STANDARD = gnu99;
				GCC_DYNAMIC_NO_PIC = NO;
				GCC_OPTIMIZATION_LEVEL = 0;
				GCC_PREPROCESSOR_DEFINITIONS = (
					"DEBUG=1",
					"$(inherited)",
				);
				GCC_SYMBOLS_PRIVATE_EXTERN = NO;
				GCC_WARN_64_TO_32_BIT_CONVERSION = YES;
				GCC_WARN_ABOUT_RETURN_TYPE = YES_ERROR;
				GCC_WARN_UNDECLARED_SELECTOR = YES;
				GCC_WARN_UNINITIALIZED_AUTOS = YES_AGGRESSIVE;
				GCC_WARN_UNUSED_FUNCTION = YES;
				GCC_WARN_UNUSED_VARIABLE = YES;
				IPHONEOS_DEPLOYMENT_TARGET = 8.0;
				MTL_ENABLE_DEBUG_INFO = YES;
				ONLY_ACTIVE_ARCH = YES;
				SDKROOT = iphoneos;
				SWIFT_OPTIMIZATION_LEVEL = "-Onone";
				TARGETED_DEVICE_FAMILY = "1,2";
			};
			name = Debug;
		};
		A742FF1C199D82FD0053B2EE /* Release */ = {
			isa = XCBuildConfiguration;
			buildSettings = {
				ALWAYS_SEARCH_USER_PATHS = NO;
				CLANG_CXX_LANGUAGE_STANDARD = "gnu++0x";
				CLANG_CXX_LIBRARY = "libc++";
				CLANG_ENABLE_MODULES = YES;
				CLANG_ENABLE_OBJC_ARC = YES;
				CLANG_WARN_BOOL_CONVERSION = YES;
				CLANG_WARN_CONSTANT_CONVERSION = YES;
				CLANG_WARN_DIRECT_OBJC_ISA_USAGE = YES_ERROR;
				CLANG_WARN_EMPTY_BODY = YES;
				CLANG_WARN_ENUM_CONVERSION = YES;
				CLANG_WARN_INT_CONVERSION = YES;
				CLANG_WARN_OBJC_ROOT_CLASS = YES_ERROR;
				CLANG_WARN_UNREACHABLE_CODE = YES;
				CLANG_WARN__DUPLICATE_METHOD_MATCH = YES;
				"CODE_SIGN_IDENTITY[sdk=iphoneos*]" = "iPhone Developer";
				COPY_PHASE_STRIP = YES;
				ENABLE_NS_ASSERTIONS = NO;
				ENABLE_STRICT_OBJC_MSGSEND = YES;
				GCC_C_LANGUAGE_STANDARD = gnu99;
				GCC_WARN_64_TO_32_BIT_CONVERSION = YES;
				GCC_WARN_ABOUT_RETURN_TYPE = YES_ERROR;
				GCC_WARN_UNDECLARED_SELECTOR = YES;
				GCC_WARN_UNINITIALIZED_AUTOS = YES_AGGRESSIVE;
				GCC_WARN_UNUSED_FUNCTION = YES;
				GCC_WARN_UNUSED_VARIABLE = YES;
				IPHONEOS_DEPLOYMENT_TARGET = 8.0;
				MTL_ENABLE_DEBUG_INFO = NO;
				SDKROOT = iphoneos;
				TARGETED_DEVICE_FAMILY = "1,2";
				VALIDATE_PRODUCT = YES;
			};
			name = Release;
		};
		A742FF1E199D82FD0053B2EE /* Debug */ = {
			isa = XCBuildConfiguration;
			buildSettings = {
				ASSETCATALOG_COMPILER_APPICON_NAME = AppIcon;
				ASSETCATALOG_COMPILER_LAUNCHIMAGE_NAME = LaunchImage;
				INFOPLIST_FILE = ChuckNorris/Info.plist;
				LD_RUNPATH_SEARCH_PATHS = "$(inherited) @executable_path/Frameworks";
				PRODUCT_NAME = "$(TARGET_NAME)";
			};
			name = Debug;
		};
		A742FF1F199D82FD0053B2EE /* Release */ = {
			isa = XCBuildConfiguration;
			buildSettings = {
				ASSETCATALOG_COMPILER_APPICON_NAME = AppIcon;
				ASSETCATALOG_COMPILER_LAUNCHIMAGE_NAME = LaunchImage;
				INFOPLIST_FILE = ChuckNorris/Info.plist;
				LD_RUNPATH_SEARCH_PATHS = "$(inherited) @executable_path/Frameworks";
				PRODUCT_NAME = "$(TARGET_NAME)";
			};
			name = Release;
		};
		A742FF21199D82FD0053B2EE /* Debug */ = {
			isa = XCBuildConfiguration;
			buildSettings = {
				BUNDLE_LOADER = "$(TEST_HOST)";
				FRAMEWORK_SEARCH_PATHS = (
					"$(SDKROOT)/Developer/Library/Frameworks",
					"$(inherited)",
				);
				GCC_PREPROCESSOR_DEFINITIONS = (
					"DEBUG=1",
					"$(inherited)",
				);
				INFOPLIST_FILE = ChuckNorrisTests/Info.plist;
				LD_RUNPATH_SEARCH_PATHS = "$(inherited) @executable_path/Frameworks @loader_path/Frameworks";
				PRODUCT_NAME = "$(TARGET_NAME)";
				TEST_HOST = "$(BUILT_PRODUCTS_DIR)/ChuckNorris.app/ChuckNorris";
			};
			name = Debug;
		};
		A742FF22199D82FD0053B2EE /* Release */ = {
			isa = XCBuildConfiguration;
			buildSettings = {
				BUNDLE_LOADER = "$(TEST_HOST)";
				FRAMEWORK_SEARCH_PATHS = (
					"$(SDKROOT)/Developer/Library/Frameworks",
					"$(inherited)",
				);
				INFOPLIST_FILE = ChuckNorrisTests/Info.plist;
				LD_RUNPATH_SEARCH_PATHS = "$(inherited) @executable_path/Frameworks @loader_path/Frameworks";
				PRODUCT_NAME = "$(TARGET_NAME)";
				TEST_HOST = "$(BUILT_PRODUCTS_DIR)/ChuckNorris.app/ChuckNorris";
			};
			name = Release;
		};
/* End XCBuildConfiguration section */

/* Begin XCConfigurationList section */
		A742FEF9199D82FD0053B2EE /* Build configuration list for PBXProject "ChuckNorris" */ = {
			isa = XCConfigurationList;
			buildConfigurations = (
				A742FF1B199D82FD0053B2EE /* Debug */,
				A742FF1C199D82FD0053B2EE /* Release */,
			);
			defaultConfigurationIsVisible = 0;
			defaultConfigurationName = Release;
		};
		A742FF1D199D82FD0053B2EE /* Build configuration list for PBXNativeTarget "ChuckNorris" */ = {
			isa = XCConfigurationList;
			buildConfigurations = (
				A742FF1E199D82FD0053B2EE /* Debug */,
				A742FF1F199D82FD0053B2EE /* Release */,
			);
			defaultConfigurationIsVisible = 0;
		};
		A742FF20199D82FD0053B2EE /* Build configuration list for PBXNativeTarget "ChuckNorrisTests" */ = {
			isa = XCConfigurationList;
			buildConfigurations = (
				A742FF21199D82FD0053B2EE /* Debug */,
				A742FF22199D82FD0053B2EE /* Release */,
			);
			defaultConfigurationIsVisible = 0;
		};
/* End XCConfigurationList section */

/* Begin XCVersionGroup section */
		A742FF05199D82FD0053B2EE /* ChuckNorris.xcdatamodeld */ = {
			isa = XCVersionGroup;
			children = (
				A742FF06199D82FD0053B2EE /* ChuckNorris.xcdatamodel */,
			);
			currentVersion = A742FF06199D82FD0053B2EE /* ChuckNorris.xcdatamodel */;
			path = ChuckNorris.xcdatamodeld;
			sourceTree = "<group>";
			versionGroupType = wrapper.xcdatamodel;
		};
/* End XCVersionGroup section */
	};
	rootObject = A742FEF6199D82FD0053B2EE /* Project object */;
}
